
Microsoft Visual Studio Solution File, Format Version 12.00
# Visual Studio Version 17
VisualStudioVersion = 17.0.31903.59
MinimumVisualStudioVersion = 10.0.40219.1
Project("{2150E333-8FDC-42A3-9474-1A3956D46DE8}") = "src", "src", "{32111FA3-A5DD-457F-8487-67091DA0CC1E}"
EndProject
Project("{FAE04EC0-301F-11D3-BF4B-00C04F79EFBC}") = "Samsara.Sdk", "src\Samsara.Sdk\Samsara.Sdk.csproj", "{8C41E3BC-32DA-4158-942E-6A67D05E1BDC}"
EndProject
Project("{2150E333-8FDC-42A3-9474-1A3956D46DE8}") = "tests", "tests", "{B66415D4-DDFE-454F-A683-E9D035E8FE44}"
EndProject
Project("{FAE04EC0-301F-11D3-BF4B-00C04F79EFBC}") = "Samsara.Sdk.Tests", "tests\Samsara.Sdk.Tests\Samsara.Sdk.Tests.csproj", "{38A5E63E-1BF3-4AA1-8AC0-EDB478AF3933}"
EndProject
Project("{FAE04EC0-301F-11D3-BF4B-00C04F79EFBC}") = "Samsara.Sdk.IntegrationTests", "tests\Samsara.Sdk.IntegrationTests\Samsara.Sdk.IntegrationTests.csproj", "{80255EC5-28DA-4F2F-AC95-A6CB401B7E1B}"
EndProject
Project("{2150E333-8FDC-42A3-9474-1A3956D46DE8}") = "tools", "tools", "{3CC27910-0D4E-47D7-A56E-D54455F7B529}"
EndProject
Project("{FAE04EC0-301F-11D3-BF4B-00C04F79EFBC}") = "Samsara.Cli", "tools\Samsara.Cli\Samsara.Cli.csproj", "{5BD48233-B7B2-40DA-AA8B-F34FD19FEB3F}"
EndProject
Global
	GlobalSection(SolutionConfigurationPlatforms) = preSolution
		Debug|Any CPU = Debug|Any CPU
		Release|Any CPU = Release|Any CPU
	EndGlobalSection
	GlobalSection(SolutionProperties) = preSolution
		HideSolutionNode = FALSE
	EndGlobalSection
	GlobalSection(ProjectConfigurationPlatforms) = postSolution
		{8C41E3BC-32DA-4158-942E-6A67D05E1BDC}.Debug|Any CPU.ActiveCfg = Debug|Any CPU
		{8C41E3BC-32DA-4158-942E-6A67D05E1BDC}.Debug|Any CPU.Build.0 = Debug|Any CPU
		{8C41E3BC-32DA-4158-942E-6A67D05E1BDC}.Release|Any CPU.ActiveCfg = Release|Any CPU
		{8C41E3BC-32DA-4158-942E-6A67D05E1BDC}.Release|Any CPU.Build.0 = Release|Any CPU
		{38A5E63E-1BF3-4AA1-8AC0-EDB478AF3933}.Debug|Any CPU.ActiveCfg = Debug|Any CPU
		{38A5E63E-1BF3-4AA1-8AC0-EDB478AF3933}.Debug|Any CPU.Build.0 = Debug|Any CPU
		{38A5E63E-1BF3-4AA1-8AC0-EDB478AF3933}.Release|Any CPU.ActiveCfg = Release|Any CPU
		{38A5E63E-1BF3-4AA1-8AC0-EDB478AF3933}.Release|Any CPU.Build.0 = Release|Any CPU
		{80255EC5-28DA-4F2F-AC95-A6CB401B7E1B}.Debug|Any CPU.ActiveCfg = Debug|Any CPU
		{80255EC5-28DA-4F2F-AC95-A6CB401B7E1B}.Debug|Any CPU.Build.0 = Debug|Any CPU
		{80255EC5-28DA-4F2F-AC95-A6CB401B7E1B}.Release|Any CPU.ActiveCfg = Release|Any CPU
		{80255EC5-28DA-4F2F-AC95-A6CB401B7E1B}.Release|Any CPU.Build.0 = Release|Any CPU
		{5BD48233-B7B2-40DA-AA8B-F34FD19FEB3F}.Debug|Any CPU.ActiveCfg = Debug|Any CPU
		{5BD48233-B7B2-40DA-AA8B-F34FD19FEB3F}.Debug|Any CPU.Build.0 = Debug|Any CPU
		{5BD48233-B7B2-40DA-AA8B-F34FD19FEB3F}.Release|Any CPU.ActiveCfg = Release|Any CPU
		{5BD48233-B7B2-40DA-AA8B-F34FD19FEB3F}.Release|Any CPU.Build.0 = Release|Any CPU
	EndGlobalSection
	GlobalSection(NestedProjects) = preSolution
		{8C41E3BC-32DA-4158-942E-6A67D05E1BDC} = {32111FA3-A5DD-457F-8487-67091DA0CC1E}
		{38A5E63E-1BF3-4AA1-8AC0-EDB478AF3933} = {B66415D4-DDFE-454F-A683-E9D035E8FE44}
		{80255EC5-28DA-4F2F-AC95-A6CB401B7E1B} = {B66415D4-DDFE-454F-A683-E9D035E8FE44}
		{5BD48233-B7B2-40DA-AA8B-F34FD19FEB3F} = {3CC27910-0D4E-47D7-A56E-D54455F7B529}
	EndGlobalSection
EndGlobal
